// !$*UTF8*$!
{
	archiveVersion = 1;
	classes = {
	};
	objectVersion = 46;
	objects = {

/* Begin PBXBuildFile section */
		4860A6421D81CD0B00B60113 /* main.m in Sources */ = {isa = PBXBuildFile; fileRef = 4860A6411D81CD0B00B60113 /* main.m */; };
		4860A6451D81CD0B00B60113 /* AppDelegate.m in Sources */ = {isa = PBXBuildFile; fileRef = 4860A6441D81CD0B00B60113 /* AppDelegate.m */; };
		4860A6481D81CD0B00B60113 /* ViewController.m in Sources */ = {isa = PBXBuildFile; fileRef = 4860A6471D81CD0B00B60113 /* ViewController.m */; };
		4860A64B1D81CD0B00B60113 /* Main.storyboard in Resources */ = {isa = PBXBuildFile; fileRef = 4860A6491D81CD0B00B60113 /* Main.storyboard */; };
		4860A64E1D81CD0B00B60113 /* SortArray.xcdatamodeld in Sources */ = {isa = PBXBuildFile; fileRef = 4860A64C1D81CD0B00B60113 /* SortArray.xcdatamodeld */; };
		4860A6501D81CD0B00B60113 /* Assets.xcassets in Resources */ = {isa = PBXBuildFile; fileRef = 4860A64F1D81CD0B00B60113 /* Assets.xcassets */; };
		4860A6531D81CD0B00B60113 /* LaunchScreen.storyboard in Resources */ = {isa = PBXBuildFile; fileRef = 4860A6511D81CD0B00B60113 /* LaunchScreen.storyboard */; };
		4860A65E1D81CD0B00B60113 /* SortArrayTests.m in Sources */ = {isa = PBXBuildFile; fileRef = 4860A65D1D81CD0B00B60113 /* SortArrayTests.m */; };
		4860A6691D81CD0B00B60113 /* SortArrayUITests.m in Sources */ = {isa = PBXBuildFile; fileRef = 4860A6681D81CD0B00B60113 /* SortArrayUITests.m */; };
		4860A67B1D8555AE00B60113 /* NSArray+SortMethod.m in Sources */ = {isa = PBXBuildFile; fileRef = 4860A67A1D8555AE00B60113 /* NSArray+SortMethod.m */; };
		6CE446F6E4D1F65063707F1D /* libPods-SortArray.a in Frameworks */ = {isa = PBXBuildFile; fileRef = 05B17BD016F8B4BDAFEB0174 /* libPods-SortArray.a */; };
/* End PBXBuildFile section */

/* Begin PBXContainerItemProxy section */
		4860A65A1D81CD0B00B60113 /* PBXContainerItemProxy */ = {
			isa = PBXContainerItemProxy;
			containerPortal = 4860A6351D81CD0B00B60113 /* Project object */;
			proxyType = 1;
			remoteGlobalIDString = 4860A63C1D81CD0B00B60113;
			remoteInfo = SortArray;
		};
		4860A6651D81CD0B00B60113 /* PBXContainerItemProxy */ = {
			isa = PBXContainerItemProxy;
			containerPortal = 4860A6351D81CD0B00B60113 /* Project object */;
			proxyType = 1;
			remoteGlobalIDString = 4860A63C1D81CD0B00B60113;
			remoteInfo = SortArray;
		};
/* End PBXContainerItemProxy section */

/* Begin PBXFileReference section */
		05B17BD016F8B4BDAFEB0174 /* libPods-SortArray.a */ = {isa = PBXFileReference; explicitFileType = archive.ar; includeInIndex = 0; path = "libPods-SortArray.a"; sourceTree = BUILT_PRODUCTS_DIR; };
		4860A63D1D81CD0B00B60113 /* SortArray.app */ = {isa = PBXFileReference; explicitFileType = wrapper.application; includeInIndex = 0; path = SortArray.app; sourceTree = BUILT_PRODUCTS_DIR; };
		4860A6411D81CD0B00B60113 /* main.m */ = {isa = PBXFileReference; lastKnownFileType = sourcecode.c.objc; path = main.m; sourceTree = "<group>"; };
		4860A6431D81CD0B00B60113 /* AppDelegate.h */ = {isa = PBXFileReference; lastKnownFileType = sourcecode.c.h; path = AppDelegate.h; sourceTree = "<group>"; };
		4860A6441D81CD0B00B60113 /* AppDelegate.m */ = {isa = PBXFileReference; lastKnownFileType = sourcecode.c.objc; path = AppDelegate.m; sourceTree = "<group>"; };
		4860A6461D81CD0B00B60113 /* ViewController.h */ = {isa = PBXFileReference; lastKnownFileType = sourcecode.c.h; path = ViewController.h; sourceTree = "<group>"; };
		4860A6471D81CD0B00B60113 /* ViewController.m */ = {isa = PBXFileReference; lastKnownFileType = sourcecode.c.objc; path = ViewController.m; sourceTree = "<group>"; };
		4860A64A1D81CD0B00B60113 /* Base */ = {isa = PBXFileReference; lastKnownFileType = file.storyboard; name = Base; path = Base.lproj/Main.storyboard; sourceTree = "<group>"; };
		4860A64D1D81CD0B00B60113 /* SortArray.xcdatamodel */ = {isa = PBXFileReference; lastKnownFileType = wrapper.xcdatamodel; path = SortArray.xcdatamodel; sourceTree = "<group>"; };
		4860A64F1D81CD0B00B60113 /* Assets.xcassets */ = {isa = PBXFileReference; lastKnownFileType = folder.assetcatalog; path = Assets.xcassets; sourceTree = "<group>"; };
		4860A6521D81CD0B00B60113 /* Base */ = {isa = PBXFileReference; lastKnownFileType = file.storyboard; name = Base; path = Base.lproj/LaunchScreen.storyboard; sourceTree = "<group>"; };
		4860A6541D81CD0B00B60113 /* Info.plist */ = {isa = PBXFileReference; lastKnownFileType = text.plist.xml; path = Info.plist; sourceTree = "<group>"; };
		4860A6591D81CD0B00B60113 /* SortArrayTests.xctest */ = {isa = PBXFileReference; explicitFileType = wrapper.cfbundle; includeInIndex = 0; path = SortArrayTests.xctest; sourceTree = BUILT_PRODUCTS_DIR; };
		4860A65D1D81CD0B00B60113 /* SortArrayTests.m */ = {isa = PBXFileReference; lastKnownFileType = sourcecode.c.objc; path = SortArrayTests.m; sourceTree = "<group>"; };
		4860A65F1D81CD0B00B60113 /* Info.plist */ = {isa = PBXFileReference; lastKnownFileType = text.plist.xml; path = Info.plist; sourceTree = "<group>"; };
		4860A6641D81CD0B00B60113 /* SortArrayUITests.xctest */ = {isa = PBXFileReference; explicitFileType = wrapper.cfbundle; includeInIndex = 0; path = SortArrayUITests.xctest; sourceTree = BUILT_PRODUCTS_DIR; };
		4860A6681D81CD0B00B60113 /* SortArrayUITests.m */ = {isa = PBXFileReference; lastKnownFileType = sourcecode.c.objc; path = SortArrayUITests.m; sourceTree = "<group>"; };
		4860A66A1D81CD0B00B60113 /* Info.plist */ = {isa = PBXFileReference; lastKnownFileType = text.plist.xml; path = Info.plist; sourceTree = "<group>"; };
		4860A6791D8555AE00B60113 /* NSArray+SortMethod.h */ = {isa = PBXFileReference; fileEncoding = 4; lastKnownFileType = sourcecode.c.h; path = "NSArray+SortMethod.h"; sourceTree = "<group>"; };
		4860A67A1D8555AE00B60113 /* NSArray+SortMethod.m */ = {isa = PBXFileReference; fileEncoding = 4; lastKnownFileType = sourcecode.c.objc; path = "NSArray+SortMethod.m"; sourceTree = "<group>"; };
		7440A51438DD15C2F7548B07 /* Pods-SortArray.debug.xcconfig */ = {isa = PBXFileReference; includeInIndex = 1; lastKnownFileType = text.xcconfig; name = "Pods-SortArray.debug.xcconfig"; path = "Pods/Target Support Files/Pods-SortArray/Pods-SortArray.debug.xcconfig"; sourceTree = "<group>"; };
		99DDABF26FF6401DFBFDD78F /* Pods-SortArray.release.xcconfig */ = {isa = PBXFileReference; includeInIndex = 1; lastKnownFileType = text.xcconfig; name = "Pods-SortArray.release.xcconfig"; path = "Pods/Target Support Files/Pods-SortArray/Pods-SortArray.release.xcconfig"; sourceTree = "<group>"; };
/* End PBXFileReference section */

/* Begin PBXFrameworksBuildPhase section */
		4860A63A1D81CD0B00B60113 /* Frameworks */ = {
			isa = PBXFrameworksBuildPhase;
			buildActionMask = 2147483647;
			files = (
				6CE446F6E4D1F65063707F1D /* libPods-SortArray.a in Frameworks */,
			);
			runOnlyForDeploymentPostprocessing = 0;
		};
		4860A6561D81CD0B00B60113 /* Frameworks */ = {
			isa = PBXFrameworksBuildPhase;
			buildActionMask = 2147483647;
			files = (
			);
			runOnlyForDeploymentPostprocessing = 0;
		};
		4860A6611D81CD0B00B60113 /* Frameworks */ = {
			isa = PBXFrameworksBuildPhase;
			buildActionMask = 2147483647;
			files = (
			);
			runOnlyForDeploymentPostprocessing = 0;
		};
/* End PBXFrameworksBuildPhase section */

/* Begin PBXGroup section */
		4860A6341D81CD0B00B60113 = {
			isa = PBXGroup;
			children = (
				4860A63F1D81CD0B00B60113 /* SortArray */,
				4860A65C1D81CD0B00B60113 /* SortArrayTests */,
				4860A6671D81CD0B00B60113 /* SortArrayUITests */,
				4860A63E1D81CD0B00B60113 /* Products */,
				A5530D08874C6307A69C4B60 /* Pods */,
				73507E97B9EE5A84671B55DB /* Frameworks */,
			);
			sourceTree = "<group>";
		};
		4860A63E1D81CD0B00B60113 /* Products */ = {
			isa = PBXGroup;
			children = (
				4860A63D1D81CD0B00B60113 /* SortArray.app */,
				4860A6591D81CD0B00B60113 /* SortArrayTests.xctest */,
				4860A6641D81CD0B00B60113 /* SortArrayUITests.xctest */,
			);
			name = Products;
			sourceTree = "<group>";
		};
		4860A63F1D81CD0B00B60113 /* SortArray */ = {
			isa = PBXGroup;
			children = (
				4860A6431D81CD0B00B60113 /* AppDelegate.h */,
				4860A6441D81CD0B00B60113 /* AppDelegate.m */,
				4860A6461D81CD0B00B60113 /* ViewController.h */,
				4860A6471D81CD0B00B60113 /* ViewController.m */,
				4860A6791D8555AE00B60113 /* NSArray+SortMethod.h */,
				4860A67A1D8555AE00B60113 /* NSArray+SortMethod.m */,
				4860A6491D81CD0B00B60113 /* Main.storyboard */,
				4860A64F1D81CD0B00B60113 /* Assets.xcassets */,
				4860A6511D81CD0B00B60113 /* LaunchScreen.storyboard */,
				4860A6541D81CD0B00B60113 /* Info.plist */,
				4860A64C1D81CD0B00B60113 /* SortArray.xcdatamodeld */,
				4860A6401D81CD0B00B60113 /* Supporting Files */,
			);
			path = SortArray;
			sourceTree = "<group>";
		};
		4860A6401D81CD0B00B60113 /* Supporting Files */ = {
			isa = PBXGroup;
			children = (
				4860A6411D81CD0B00B60113 /* main.m */,
			);
			name = "Supporting Files";
			sourceTree = "<group>";
		};
		4860A65C1D81CD0B00B60113 /* SortArrayTests */ = {
			isa = PBXGroup;
			children = (
				4860A65D1D81CD0B00B60113 /* SortArrayTests.m */,
				4860A65F1D81CD0B00B60113 /* Info.plist */,
			);
			path = SortArrayTests;
			sourceTree = "<group>";
		};
		4860A6671D81CD0B00B60113 /* SortArrayUITests */ = {
			isa = PBXGroup;
			children = (
				4860A6681D81CD0B00B60113 /* SortArrayUITests.m */,
				4860A66A1D81CD0B00B60113 /* Info.plist */,
			);
			path = SortArrayUITests;
			sourceTree = "<group>";
		};
		73507E97B9EE5A84671B55DB /* Frameworks */ = {
			isa = PBXGroup;
			children = (
				05B17BD016F8B4BDAFEB0174 /* libPods-SortArray.a */,
			);
			name = Frameworks;
			sourceTree = "<group>";
		};
		A5530D08874C6307A69C4B60 /* Pods */ = {
			isa = PBXGroup;
			children = (
				7440A51438DD15C2F7548B07 /* Pods-SortArray.debug.xcconfig */,
				99DDABF26FF6401DFBFDD78F /* Pods-SortArray.release.xcconfig */,
			);
			name = Pods;
			sourceTree = "<group>";
		};
/* End PBXGroup section */

/* Begin PBXNativeTarget section */
		4860A63C1D81CD0B00B60113 /* SortArray */ = {
			isa = PBXNativeTarget;
			buildConfigurationList = 4860A66D1D81CD0B00B60113 /* Build configuration list for PBXNativeTarget "SortArray" */;
			buildPhases = (
				73399D5542B693A404D7A9AA /* [CP] Check Pods Manifest.lock */,
				4860A6391D81CD0B00B60113 /* Sources */,
				4860A63A1D81CD0B00B60113 /* Frameworks */,
				4860A63B1D81CD0B00B60113 /* Resources */,
				8B81CC4AA92C3A572C5C5F5E /* [CP] Embed Pods Frameworks */,
				42D67B84161CC1DD88E5A8D5 /* [CP] Copy Pods Resources */,
			);
			buildRules = (
			);
			dependencies = (
			);
			name = SortArray;
			productName = SortArray;
			productReference = 4860A63D1D81CD0B00B60113 /* SortArray.app */;
			productType = "com.apple.product-type.application";
		};
		4860A6581D81CD0B00B60113 /* SortArrayTests */ = {
			isa = PBXNativeTarget;
			buildConfigurationList = 4860A6701D81CD0B00B60113 /* Build configuration list for PBXNativeTarget "SortArrayTests" */;
			buildPhases = (
				4860A6551D81CD0B00B60113 /* Sources */,
				4860A6561D81CD0B00B60113 /* Frameworks */,
				4860A6571D81CD0B00B60113 /* Resources */,
			);
			buildRules = (
			);
			dependencies = (
				4860A65B1D81CD0B00B60113 /* PBXTargetDependency */,
			);
			name = SortArrayTests;
			productName = SortArrayTests;
			productReference = 4860A6591D81CD0B00B60113 /* SortArrayTests.xctest */;
			productType = "com.apple.product-type.bundle.unit-test";
		};
		4860A6631D81CD0B00B60113 /* SortArrayUITests */ = {
			isa = PBXNativeTarget;
			buildConfigurationList = 4860A6731D81CD0B00B60113 /* Build configuration list for PBXNativeTarget "SortArrayUITests" */;
			buildPhases = (
				4860A6601D81CD0B00B60113 /* Sources */,
				4860A6611D81CD0B00B60113 /* Frameworks */,
				4860A6621D81CD0B00B60113 /* Resources */,
			);
			buildRules = (
			);
			dependencies = (
				4860A6661D81CD0B00B60113 /* PBXTargetDependency */,
			);
			name = SortArrayUITests;
			productName = SortArrayUITests;
			productReference = 4860A6641D81CD0B00B60113 /* SortArrayUITests.xctest */;
			productType = "com.apple.product-type.bundle.ui-testing";
		};
/* End PBXNativeTarget section */

/* Begin PBXProject section */
		4860A6351D81CD0B00B60113 /* Project object */ = {
			isa = PBXProject;
			attributes = {
				LastUpgradeCheck = 0730;
				ORGANIZATIONNAME = Leben.NNA;
				TargetAttributes = {
					4860A63C1D81CD0B00B60113 = {
						CreatedOnToolsVersion = 7.3.1;
						DevelopmentTeam = X6QFZ23N52;
					};
					4860A6581D81CD0B00B60113 = {
						CreatedOnToolsVersion = 7.3.1;
						DevelopmentTeam = X6QFZ23N52;
						TestTargetID = 4860A63C1D81CD0B00B60113;
					};
					4860A6631D81CD0B00B60113 = {
						CreatedOnToolsVersion = 7.3.1;
						DevelopmentTeam = X6QFZ23N52;
						TestTargetID = 4860A63C1D81CD0B00B60113;
					};
				};
			};
			buildConfigurationList = 4860A6381D81CD0B00B60113 /* Build configuration list for PBXProject "SortArray" */;
			compatibilityVersion = "Xcode 3.2";
			developmentRegion = English;
			hasScannedForEncodings = 0;
			knownRegions = (
				en,
				Base,
			);
			mainGroup = 4860A6341D81CD0B00B60113;
			productRefGroup = 4860A63E1D81CD0B00B60113 /* Products */;
			projectDirPath = "";
			projectRoot = "";
			targets = (
				4860A63C1D81CD0B00B60113 /* SortArray */,
				4860A6581D81CD0B00B60113 /* SortArrayTests */,
				4860A6631D81CD0B00B60113 /* SortArrayUITests */,
			);
		};
/* End PBXProject section */

/* Begin PBXResourcesBuildPhase section */
		4860A63B1D81CD0B00B60113 /* Resources */ = {
			isa = PBXResourcesBuildPhase;
			buildActionMask = 2147483647;
			files = (
				4860A6531D81CD0B00B60113 /* LaunchScreen.storyboard in Resources */,
				4860A6501D81CD0B00B60113 /* Assets.xcassets in Resources */,
				4860A64B1D81CD0B00B60113 /* Main.storyboard in Resources */,
			);
			runOnlyForDeploymentPostprocessing = 0;
		};
		4860A6571D81CD0B00B60113 /* Resources */ = {
			isa = PBXResourcesBuildPhase;
			buildActionMask = 2147483647;
			files = (
			);
			runOnlyForDeploymentPostprocessing = 0;
		};
		4860A6621D81CD0B00B60113 /* Resources */ = {
			isa = PBXResourcesBuildPhase;
			buildActionMask = 2147483647;
			files = (
			);
			runOnlyForDeploymentPostprocessing = 0;
		};
/* End PBXResourcesBuildPhase section */

/* Begin PBXShellScriptBuildPhase section */
		42D67B84161CC1DD88E5A8D5 /* [CP] Copy Pods Resources */ = {
			isa = PBXShellScriptBuildPhase;
			buildActionMask = 2147483647;
			files = (
			);
			inputPaths = (
			);
			name = "[CP] Copy Pods Resources";
			outputPaths = (
			);
			runOnlyForDeploymentPostprocessing = 0;
			shellPath = /bin/sh;
			shellScript = "\"${SRCROOT}/Pods/Target Support Files/Pods-SortArray/Pods-SortArray-resources.sh\"\n";
			showEnvVarsInLog = 0;
		};
		73399D5542B693A404D7A9AA /* [CP] Check Pods Manifest.lock */ = {
			isa = PBXShellScriptBuildPhase;
			buildActionMask = 2147483647;
			files = (
			);
			inputPaths = (
			);
			name = "[CP] Check Pods Manifest.lock";
			outputPaths = (
			);
			runOnlyForDeploymentPostprocessing = 0;
			shellPath = /bin/sh;
			shellScript = "diff \"${PODS_ROOT}/../Podfile.lock\" \"${PODS_ROOT}/Manifest.lock\" > /dev/null\nif [[ $? != 0 ]] ; then\n    cat << EOM\nerror: The sandbox is not in sync with the Podfile.lock. Run 'pod install' or update your CocoaPods installation.\nEOM\n    exit 1\nfi\n";
			showEnvVarsInLog = 0;
		};
		8B81CC4AA92C3A572C5C5F5E /* [CP] Embed Pods Frameworks */ = {
			isa = PBXShellScriptBuildPhase;
			buildActionMask = 2147483647;
			files = (
			);
			inputPaths = (
			);
			name = "[CP] Embed Pods Frameworks";
			outputPaths = (
			);
			runOnlyForDeploymentPostprocessing = 0;
			shellPath = /bin/sh;
			shellScript = "\"${SRCROOT}/Pods/Target Support Files/Pods-SortArray/Pods-SortArray-frameworks.sh\"\n";
			showEnvVarsInLog = 0;
		};
/* End PBXShellScriptBuildPhase section */

/* Begin PBXSourcesBuildPhase section */
		4860A6391D81CD0B00B60113 /* Sources */ = {
			isa = PBXSourcesBuildPhase;
			buildActionMask = 2147483647;
			files = (
				4860A6481D81CD0B00B60113 /* ViewController.m in Sources */,
				4860A64E1D81CD0B00B60113 /* SortArray.xcdatamodeld in Sources */,
				4860A67B1D8555AE00B60113 /* NSArray+SortMethod.m in Sources */,
				4860A6451D81CD0B00B60113 /* AppDelegate.m in Sources */,
				4860A6421D81CD0B00B60113 /* main.m in Sources */,
			);
			runOnlyForDeploymentPostprocessing = 0;
		};
		4860A6551D81CD0B00B60113 /* Sources */ = {
			isa = PBXSourcesBuildPhase;
			buildActionMask = 2147483647;
			files = (
				4860A65E1D81CD0B00B60113 /* SortArrayTests.m in Sources */,
			);
			runOnlyForDeploymentPostprocessing = 0;
		};
		4860A6601D81CD0B00B60113 /* Sources */ = {
			isa = PBXSourcesBuildPhase;
			buildActionMask = 2147483647;
			files = (
				4860A6691D81CD0B00B60113 /* SortArrayUITests.m in Sources */,
			);
			runOnlyForDeploymentPostprocessing = 0;
		};
/* End PBXSourcesBuildPhase section */

/* Begin PBXTargetDependency section */
		4860A65B1D81CD0B00B60113 /* PBXTargetDependency */ = {
			isa = PBXTargetDependency;
			target = 4860A63C1D81CD0B00B60113 /* SortArray */;
			targetProxy = 4860A65A1D81CD0B00B60113 /* PBXContainerItemProxy */;
		};
		4860A6661D81CD0B00B60113 /* PBXTargetDependency */ = {
			isa = PBXTargetDependency;
			target = 4860A63C1D81CD0B00B60113 /* SortArray */;
			targetProxy = 4860A6651D81CD0B00B60113 /* PBXContainerItemProxy */;
		};
/* End PBXTargetDependency section */

/* Begin PBXVariantGroup section */
		4860A6491D81CD0B00B60113 /* Main.storyboard */ = {
			isa = PBXVariantGroup;
			children = (
				4860A64A1D81CD0B00B60113 /* Base */,
			);
			name = Main.storyboard;
			sourceTree = "<group>";
		};
		4860A6511D81CD0B00B60113 /* LaunchScreen.storyboard */ = {
			isa = PBXVariantGroup;
			children = (
				4860A6521D81CD0B00B60113 /* Base */,
			);
			name = LaunchScreen.storyboard;
			sourceTree = "<group>";
		};
/* End PBXVariantGroup section */

/* Begin XCBuildConfiguration section */
		4860A66B1D81CD0B00B60113 /* Debug */ = {
			isa = XCBuildConfiguration;
			buildSettings = {
				ALWAYS_SEARCH_USER_PATHS = NO;
				CLANG_ANALYZER_NONNULL = YES;
				CLANG_CXX_LANGUAGE_STANDARD = "gnu++0x";
				CLANG_CXX_LIBRARY = "libc++";
				CLANG_ENABLE_MODULES = YES;
				CLANG_ENABLE_OBJC_ARC = YES;
				CLANG_WARN_BOOL_CONVERSION = YES;
				CLANG_WARN_CONSTANT_CONVERSION = YES;
				CLANG_WARN_DIRECT_OBJC_ISA_USAGE = YES_ERROR;
				CLANG_WARN_EMPTY_BODY = YES;
				CLANG_WARN_ENUM_CONVERSION = YES;
				CLANG_WARN_INT_CONVERSION = YES;
				CLANG_WARN_OBJC_ROOT_CLASS = YES_ERROR;
				CLANG_WARN_UNREACHABLE_CODE = YES;
				CLANG_WARN__DUPLICATE_METHOD_MATCH = YES;
				"CODE_SIGN_IDENTITY[sdk=iphoneos*]" = "iPhone Developer";
				COPY_PHASE_STRIP = NO;
				DEBUG_INFORMATION_FORMAT = dwarf;
				ENABLE_STRICT_OBJC_MSGSEND = YES;
				ENABLE_TESTABILITY = YES;
				GCC_C_LANGUAGE_STANDARD = gnu99;
				GCC_DYNAMIC_NO_PIC = NO;
				GCC_NO_COMMON_BLOCKS = YES;
				GCC_OPTIMIZATION_LEVEL = 0;
				GCC_PREPROCESSOR_DEFINITIONS = (
					"DEBUG=1",
					"$(inherited)",
				);
				GCC_WARN_64_TO_32_BIT_CONVERSION = YES;
				GCC_WARN_ABOUT_RETURN_TYPE = YES_ERROR;
				GCC_WARN_UNDECLARED_SELECTOR = YES;
				GCC_WARN_UNINITIALIZED_AUTOS = YES_AGGRESSIVE;
				GCC_WARN_UNUSED_FUNCTION = YES;
				GCC_WARN_UNUSED_VARIABLE = YES;
				IPHONEOS_DEPLOYMENT_TARGET = 9.3;
				MTL_ENABLE_DEBUG_INFO = YES;
				ONLY_ACTIVE_ARCH = YES;
				SDKROOT = iphoneos;
				TARGETED_DEVICE_FAMILY = "1,2";
			};
			name = Debug;
		};
		4860A66C1D81CD0B00B60113 /* Release */ = {
			isa = XCBuildConfiguration;
			buildSettings = {
				ALWAYS_SEARCH_USER_PATHS = NO;
				CLANG_ANALYZER_NONNULL = YES;
				CLANG_CXX_LANGUAGE_STANDARD = "gnu++0x";
				CLANG_CXX_LIBRARY = "libc++";
				CLANG_ENABLE_MODULES = YES;
				CLANG_ENABLE_OBJC_ARC = YES;
				CLANG_WARN_BOOL_CONVERSION = YES;
				CLANG_WARN_CONSTANT_CONVERSION = YES;
				CLANG_WARN_DIRECT_OBJC_ISA_USAGE = YES_ERROR;
				CLANG_WARN_EMPTY_BODY = YES;
				CLANG_WARN_ENUM_CONVERSION = YES;
				CLANG_WARN_INT_CONVERSION = YES;
				CLANG_WARN_OBJC_ROOT_CLASS = YES_ERROR;
				CLANG_WARN_UNREACHABLE_CODE = YES;
				CLANG_WARN__DUPLICATE_METHOD_MATCH = YES;
				"CODE_SIGN_IDENTITY[sdk=iphoneos*]" = "iPhone Developer";
				COPY_PHASE_STRIP = NO;
				DEBUG_INFORMATION_FORMAT = "dwarf-with-dsym";
				ENABLE_NS_ASSERTIONS = NO;
				ENABLE_STRICT_OBJC_MSGSEND = YES;
				GCC_C_LANGUAGE_STANDARD = gnu99;
				GCC_NO_COMMON_BLOCKS = YES;
				GCC_WARN_64_TO_32_BIT_CONVERSION = YES;
				GCC_WARN_ABOUT_RETURN_TYPE = YES_ERROR;
				GCC_WARN_UNDECLARED_SELECTOR = YES;
				GCC_WARN_UNINITIALIZED_AUTOS = YES_AGGRESSIVE;
				GCC_WARN_UNUSED_FUNCTION = YES;
				GCC_WARN_UNUSED_VARIABLE = YES;
				IPHONEOS_DEPLOYMENT_TARGET = 9.3;
				MTL_ENABLE_DEBUG_INFO = NO;
				SDKROOT = iphoneos;
				TARGETED_DEVICE_FAMILY = "1,2";
				VALIDATE_PRODUCT = YES;
			};
			name = Release;
		};
		4860A66E1D81CD0B00B60113 /* Debug */ = {
			isa = XCBuildConfiguration;
			baseConfigurationReference = 7440A51438DD15C2F7548B07 /* Pods-SortArray.debug.xcconfig */;
			buildSettings = {
				ASSETCATALOG_COMPILER_APPICON_NAME = AppIcon;
				INFOPLIST_FILE = SortArray/Info.plist;
				LD_RUNPATH_SEARCH_PATHS = "$(inherited) @executable_path/Frameworks";
				PRODUCT_BUNDLE_IDENTIFIER = Leben.NNA.SortArray;
				PRODUCT_NAME = "$(TARGET_NAME)";
			};
			name = Debug;
		};
		4860A66F1D81CD0B00B60113 /* Release */ = {
			isa = XCBuildConfiguration;
			baseConfigurationReference = 99DDABF26FF6401DFBFDD78F /* Pods-SortArray.release.xcconfig */;
			buildSettings = {
				ASSETCATALOG_COMPILER_APPICON_NAME = AppIcon;
				INFOPLIST_FILE = SortArray/Info.plist;
				LD_RUNPATH_SEARCH_PATHS = "$(inherited) @executable_path/Frameworks";
				PRODUCT_BUNDLE_IDENTIFIER = Leben.NNA.SortArray;
				PRODUCT_NAME = "$(TARGET_NAME)";
			};
			name = Release;
		};
		4860A6711D81CD0B00B60113 /* Debug */ = {
			isa = XCBuildConfiguration;
			buildSettings = {
				BUNDLE_LOADER = "$(TEST_HOST)";
				INFOPLIST_FILE = SortArrayTests/Info.plist;
				LD_RUNPATH_SEARCH_PATHS = "$(inherited) @executable_path/Frameworks @loader_path/Frameworks";
				PRODUCT_BUNDLE_IDENTIFIER = Leben.NNA.SortArrayTests;
				PRODUCT_NAME = "$(TARGET_NAME)";
				TEST_HOST = "$(BUILT_PRODUCTS_DIR)/SortArray.app/SortArray";
			};
			name = Debug;
		};
		4860A6721D81CD0B00B60113 /* Release */ = {
			isa = XCBuildConfiguration;
			buildSettings = {
				BUNDLE_LOADER = "$(TEST_HOST)";
				INFOPLIST_FILE = SortArrayTests/Info.plist;
				LD_RUNPATH_SEARCH_PATHS = "$(inherited) @executable_path/Frameworks @loader_path/Frameworks";
				PRODUCT_BUNDLE_IDENTIFIER = Leben.NNA.SortArrayTests;
				PRODUCT_NAME = "$(TARGET_NAME)";
				TEST_HOST = "$(BUILT_PRODUCTS_DIR)/SortArray.app/SortArray";
			};
			name = Release;
		};
		4860A6741D81CD0B00B60113 /* Debug */ = {
			isa = XCBuildConfiguration;
			buildSettings = {
				INFOPLIST_FILE = SortArrayUITests/Info.plist;
				LD_RUNPATH_SEARCH_PATHS = "$(inherited) @executable_path/Frameworks @loader_path/Frameworks";
				PRODUCT_BUNDLE_IDENTIFIER = Leben.NNA.SortArrayUITests;
				PRODUCT_NAME = "$(TARGET_NAME)";
				TEST_TARGET_NAME = SortArray;
			};
			name = Debug;
		};
		4860A6751D81CD0B00B60113 /* Release */ = {
			isa = XCBuildConfiguration;
			buildSettings = {
				INFOPLIST_FILE = SortArrayUITests/Info.plist;
				LD_RUNPATH_SEARCH_PATHS = "$(inherited) @executable_path/Frameworks @loader_path/Frameworks";
				PRODUCT_BUNDLE_IDENTIFIER = Leben.NNA.SortArrayUITests;
				PRODUCT_NAME = "$(TARGET_NAME)";
				TEST_TARGET_NAME = SortArray;
			};
			name = Release;
		};
/* End XCBuildConfiguration section */

/* Begin XCConfigurationList section */
		4860A6381D81CD0B00B60113 /* Build configuration list for PBXProject "SortArray" */ = {
			isa = XCConfigurationList;
			buildConfigurations = (
				4860A66B1D81CD0B00B60113 /* Debug */,
				4860A66C1D81CD0B00B60113 /* Release */,
			);
			defaultConfigurationIsVisible = 0;
			defaultConfigurationName = Release;
		};
		4860A66D1D81CD0B00B60113 /* Build configuration list for PBXNativeTarget "SortArray" */ = {
			isa = XCConfigurationList;
			buildConfigurations = (
				4860A66E1D81CD0B00B60113 /* Debug */,
				4860A66F1D81CD0B00B60113 /* Release */,
			);
			defaultConfigurationIsVisible = 0;
			defaultConfigurationName = Release;
		};
		4860A6701D81CD0B00B60113 /* Build configuration list for PBXNativeTarget "SortArrayTests" */ = {
			isa = XCConfigurationList;
			buildConfigurations = (
				4860A6711D81CD0B00B60113 /* Debug */,
				4860A6721D81CD0B00B60113 /* Release */,
			);
			defaultConfigurationIsVisible = 0;
			defaultConfigurationName = Release;
		};
		4860A6731D81CD0B00B60113 /* Build configuration list for PBXNativeTarget "SortArrayUITests" */ = {
			isa = XCConfigurationList;
			buildConfigurations = (
				4860A6741D81CD0B00B60113 /* Debug */,
				4860A6751D81CD0B00B60113 /* Release */,
			);
			defaultConfigurationIsVisible = 0;
			defaultConfigurationName = Release;
		};
/* End XCConfigurationList section */

/* Begin XCVersionGroup section */
		4860A64C1D81CD0B00B60113 /* SortArray.xcdatamodeld */ = {
			isa = XCVersionGroup;
			children = (
				4860A64D1D81CD0B00B60113 /* SortArray.xcdatamodel */,
			);
			currentVersion = 4860A64D1D81CD0B00B60113 /* SortArray.xcdatamodel */;
			path = SortArray.xcdatamodeld;
			sourceTree = "<group>";
			versionGroupType = wrapper.xcdatamodel;
		};
/* End XCVersionGroup section */
	};
	rootObject = 4860A6351D81CD0B00B60113 /* Project object */;
}
